<?xml version="1.0" encoding="UTF-8" standalone="yes" ?>
<CodeBlocks_project_file>
	<FileVersion major="1" minor="6" />
	<Project>
		<Option title="jou" />
		<Option pch_mode="2" />
		<Option compiler="clang" />
		<Build>
			<Target title="Debug">
				<Option output="./jou" prefix_auto="1" extension_auto="1" />
				<Option object_output="obj/Debug/" />
				<Option type="1" />
				<Option compiler="clang" />
				<Compiler>
					<Add option="-g" />
				</Compiler>
			</Target>
			<Target title="Release">
				<Option output="bin/Release/jou" prefix_auto="1" extension_auto="1" />
				<Option object_output="obj/Release/" />
				<Option type="1" />
				<Option compiler="clang" />
				<Compiler>
					<Add option="-O2" />
				</Compiler>
				<Linker>
					<Add option="-s" />
				</Linker>
			</Target>
		</Build>
		<Compiler>
			<Add option="-Wall" />
			<Add option="-std=c11" />
			<Add option="-target x86_64-w64-windows-gnu" />
			<Add directory="C:/Program Files/LLVM/include" />
			<Add directory="llvm_headers" />
		</Compiler>
		<Linker>
			<Add option="-target x86_64-w64-windows-gnu" />
			<Add library="C:/Program Files/LLVM/lib/LLVM-C.lib" />
			<Add directory="C:/Program Files/LLVM/include" />
		</Linker>
		<Unit filename="src/build_cfg.c">
			<Option compilerVar="CC" />
		</Unit>
		<Unit filename="src/codegen.c">
			<Option compilerVar="CC" />
		</Unit>
		<Unit filename="src/fail.c">
			<Option compilerVar="CC" />
		</Unit>
		<Unit filename="src/free.c">
			<Option compilerVar="CC" />
		</Unit>
		<Unit filename="src/jou_compiler.h" />
		<Unit filename="src/main.c">
			<Option compilerVar="CC" />
		</Unit>
		<Unit filename="src/parse.c">
			<Option compilerVar="CC" />
		</Unit>
		<Unit filename="src/print.c">
			<Option compilerVar="CC" />
		</Unit>
		<Unit filename="src/run.c">
			<Option compilerVar="CC" />
		</Unit>
		<Unit filename="src/simplify_cfg.c">
			<Option compilerVar="CC" />
		</Unit>
		<Unit filename="src/tokenize.c">
			<Option compilerVar="CC" />
		</Unit>
		<Unit filename="src/typecheck.c">
			<Option compilerVar="CC" />
		</Unit>
		<Unit filename="src/types.c">
			<Option compilerVar="CC" />
		</Unit>
		<Unit filename="src/util.c">
			<Option compilerVar="CC" />
		</Unit>
		<Unit filename="src/util.h" />
		<Extensions>
			<lib_finder disable_auto="1" />
		</Extensions>
	</Project>
</CodeBlocks_project_file>
